
Microsoft Visual Studio Solution File, Format Version 12.00
# Visual Studio 15
Project("{FAE04EC0-301F-11D3-BF4B-00C04F79EFBC}") = "Assembly-CSharp", "Assembly-CSharp.csproj", "{94F73866-69D1-AF58-F204-8F34966448E8}"
EndProject
Project("{FAE04EC0-301F-11D3-BF4B-00C04F79EFBC}") = "Unity.PlayerPrefsEditor.Samples.SampleScene", "Unity.PlayerPrefsEditor.Samples.SampleScene.csproj", "{51A21740-9207-2A91-8F09-8CE6C4544DD2}"
EndProject
Project("{FAE04EC0-301F-11D3-BF4B-00C04F79EFBC}") = "Unity.PlayerPrefsEditor.Editor", "Unity.PlayerPrefsEditor.Editor.csproj", "{B1FC9D15-B8A5-9C77-DAB7-CA47D1484DC3}"
EndProject
Project("{FAE04EC0-301F-11D3-BF4B-00C04F79EFBC}") = "Unity.PlayerPrefsEditor.EditorResources", "Unity.PlayerPrefsEditor.EditorResources.csproj", "{51765F11-97FF-7C06-787E-25165D7FD930}"
EndProject
Global
	GlobalSection(SolutionConfigurationPlatforms) = preSolution
		Debug|Any CPU = Debug|Any CPU
		Release|Any CPU = Release|Any CPU
	EndGlobalSection
	GlobalSection(ProjectConfigurationPlatforms) = postSolution
		{94F73866-69D1-AF58-F204-8F34966448E8}.Debug|Any CPU.ActiveCfg = Debug|Any CPU
		{94F73866-69D1-AF58-F204-8F34966448E8}.Debug|Any CPU.Build.0 = Debug|Any CPU
		{94F73866-69D1-AF58-F204-8F34966448E8}.Release|Any CPU.ActiveCfg = Release|Any CPU
		{94F73866-69D1-AF58-F204-8F34966448E8}.Release|Any CPU.Build.0 = Release|Any CPU
		{51A21740-9207-2A91-8F09-8CE6C4544DD2}.Debug|Any CPU.ActiveCfg = Debug|Any CPU
		{51A21740-9207-2A91-8F09-8CE6C4544DD2}.Debug|Any CPU.Build.0 = Debug|Any CPU
		{51A21740-9207-2A91-8F09-8CE6C4544DD2}.Release|Any CPU.ActiveCfg = Release|Any CPU
		{51A21740-9207-2A91-8F09-8CE6C4544DD2}.Release|Any CPU.Build.0 = Release|Any CPU
		{B1FC9D15-B8A5-9C77-DAB7-CA47D1484DC3}.Debug|Any CPU.ActiveCfg = Debug|Any CPU
		{B1FC9D15-B8A5-9C77-DAB7-CA47D1484DC3}.Debug|Any CPU.Build.0 = Debug|Any CPU
		{B1FC9D15-B8A5-9C77-DAB7-CA47D1484DC3}.Release|Any CPU.ActiveCfg = Release|Any CPU
		{B1FC9D15-B8A5-9C77-DAB7-CA47D1484DC3}.Release|Any CPU.Build.0 = Release|Any CPU
		{51765F11-97FF-7C06-787E-25165D7FD930}.Debug|Any CPU.ActiveCfg = Debug|Any CPU
		{51765F11-97FF-7C06-787E-25165D7FD930}.Debug|Any CPU.Build.0 = Debug|Any CPU
		{51765F11-97FF-7C06-787E-25165D7FD930}.Release|Any CPU.ActiveCfg = Release|Any CPU
		{51765F11-97FF-7C06-787E-25165D7FD930}.Release|Any CPU.Build.0 = Release|Any CPU
	EndGlobalSection
	GlobalSection(SolutionProperties) = preSolution
		HideSolutionNode = FALSE
	EndGlobalSection
EndGlobal
